{
  "version": 4,
  "terraform_version": "1.7.3",
  "serial": 16,
  "lineage": "24a95771-e3db-f571-0daf-61a4b35ac5ee",
  "outputs": {
    "access_key": {
      "value": "AKIA2UC3AKBVUIDSMCMS",
      "type": "string",
      "sensitive": true
    },
    "secret_key": {
      "value": "ZLHCaDl440dI2q/XsccyiBoixQ7kPmsGIhnOye5C",
      "type": "string",
      "sensitive": true
    }
  },
  "resources": [
    {
      "mode": "managed",
      "type": "aws_iam_access_key",
      "name": "admin_access_key",
      "provider": "provider[\"registry.terraform.io/hashicorp/aws\"]",
      "instances": [
        {
          "schema_version": 0,
          "attributes": {
            "create_date": "2024-02-19T09:11:34Z",
            "encrypted_secret": null,
            "encrypted_ses_smtp_password_v4": null,
            "id": "AKIA2UC3AKBVUIDSMCMS",
            "key_fingerprint": null,
            "pgp_key": null,
            "secret": "ZLHCaDl440dI2q/XsccyiBoixQ7kPmsGIhnOye5C",
            "ses_smtp_password_v4": "BCt7dN36d2YU/ZGREw4WMJiKdpTRj4kk+DSh6ZabpNPN",
            "status": "Active",
            "user": "AdminUser"
          },
          "sensitive_attributes": [],
          "private": "bnVsbA==",
          "dependencies": [
            "aws_iam_user.admin_user"
          ]
        }
      ]
    },
    {
      "mode": "managed",
      "type": "aws_iam_user",
      "name": "admin_user",
      "provider": "provider[\"registry.terraform.io/hashicorp/aws\"]",
      "instances": [
        {
          "schema_version": 0,
          "attributes": {
            "arn": "arn:aws:iam::730335301739:user/AdminUser",
            "force_destroy": false,
            "id": "AdminUser",
            "name": "AdminUser",
            "path": "/",
            "permissions_boundary": "",
            "tags": null,
            "tags_all": {},
            "unique_id": "AIDA2UC3AKBV2MS452X5H"
          },
          "sensitive_attributes": [],
          "private": "bnVsbA=="
        }
      ]
    }
  ],
  "check_results": null
}
